
Microsoft Visual Studio Solution File, Format Version 12.00
# Visual Studio Version 17
VisualStudioVersion = 17.8.34330.188
MinimumVisualStudioVersion = 10.0.40219.1
Project("{FAE04EC0-301F-11D3-BF4B-00C04F79EFBC}") = "DllInjection", "DllInjection\DllInjection.csproj", "{A517FE90-23D0-498E-BF6B-192FACEE38AB}"
EndProject
Global
	GlobalSection(SolutionConfigurationPlatforms) = preSolution
		Debug|Any CPU = Debug|Any CPU
		Release|Any CPU = Release|Any CPU
	EndGlobalSection
	GlobalSection(ProjectConfigurationPlatforms) = postSolution
		{A517FE90-23D0-498E-BF6B-192FACEE38AB}.Debug|Any CPU.ActiveCfg = Debug|Any CPU
		{A517FE90-23D0-498E-BF6B-192FACEE38AB}.Debug|Any CPU.Build.0 = Debug|Any CPU
		{A517FE90-23D0-498E-BF6B-192FACEE38AB}.Release|Any CPU.ActiveCfg = Release|Any CPU
		{A517FE90-23D0-498E-BF6B-192FACEE38AB}.Release|Any CPU.Build.0 = Release|Any CPU
	EndGlobalSection
	GlobalSection(SolutionProperties) = preSolution
		HideSolutionNode = FALSE
	EndGlobalSection
	GlobalSection(ExtensibilityGlobals) = postSolution
		SolutionGuid = {B8952624-1EBA-4F8E-B75D-2FAB68E98F5B}
	EndGlobalSection
EndGlobal
