
Microsoft Visual Studio Solution File, Format Version 12.00
# Visual Studio Version 17
VisualStudioVersion = 17.8.34330.188
MinimumVisualStudioVersion = 10.0.40219.1
Project("{FAE04EC0-301F-11D3-BF4B-00C04F79EFBC}") = "FilelessLateralMovement", "FilelessLateralMovement\FilelessLateralMovement.csproj", "{A2B0F8E3-CA99-4118-98C4-C116E89241B6}"
EndProject
Global
	GlobalSection(SolutionConfigurationPlatforms) = preSolution
		Debug|Any CPU = Debug|Any CPU
		Release|Any CPU = Release|Any CPU
	EndGlobalSection
	GlobalSection(ProjectConfigurationPlatforms) = postSolution
		{A2B0F8E3-CA99-4118-98C4-C116E89241B6}.Debug|Any CPU.ActiveCfg = Debug|Any CPU
		{A2B0F8E3-CA99-4118-98C4-C116E89241B6}.Debug|Any CPU.Build.0 = Debug|Any CPU
		{A2B0F8E3-CA99-4118-98C4-C116E89241B6}.Release|Any CPU.ActiveCfg = Release|Any CPU
		{A2B0F8E3-CA99-4118-98C4-C116E89241B6}.Release|Any CPU.Build.0 = Release|Any CPU
	EndGlobalSection
	GlobalSection(SolutionProperties) = preSolution
		HideSolutionNode = FALSE
	EndGlobalSection
	GlobalSection(ExtensibilityGlobals) = postSolution
		SolutionGuid = {65847689-EB11-4FB6-8882-2A0AD7F82998}
	EndGlobalSection
EndGlobal
